
Microsoft Visual Studio Solution File, Format Version 12.00
# Visual Studio Version 17
VisualStudioVersion = 17.2.32526.322
MinimumVisualStudioVersion = 10.0.40219.1
Project("{FAE04EC0-301F-11D3-BF4B-00C04F79EFBC}") = "GetEmbedToken", "GetEmbedToken.csproj", "{0B9F4C64-545E-4F7C-97C1-2AB7975788F5}"
EndProject
Global
	GlobalSection(SolutionConfigurationPlatforms) = preSolution
		Debug|Any CPU = Debug|Any CPU
		Release|Any CPU = Release|Any CPU
	EndGlobalSection
	GlobalSection(ProjectConfigurationPlatforms) = postSolution
		{0B9F4C64-545E-4F7C-97C1-2AB7975788F5}.Debug|Any CPU.ActiveCfg = Debug|Any CPU
		{0B9F4C64-545E-4F7C-97C1-2AB7975788F5}.Debug|Any CPU.Build.0 = Debug|Any CPU
		{0B9F4C64-545E-4F7C-97C1-2AB7975788F5}.Release|Any CPU.ActiveCfg = Release|Any CPU
		{0B9F4C64-545E-4F7C-97C1-2AB7975788F5}.Release|Any CPU.Build.0 = Release|Any CPU
	EndGlobalSection
	GlobalSection(SolutionProperties) = preSolution
		HideSolutionNode = FALSE
	EndGlobalSection
	GlobalSection(ExtensibilityGlobals) = postSolution
		SolutionGuid = {291751B2-B08D-4BF5-8A8A-9DAAB35832C1}
	EndGlobalSection
EndGlobal
